# This file is autogenerated, do not edit; changes may be undone by the next 'dep ensure'.


[[projects]]
  digest = "1:0982c3448eeea2ad099ff9dc271065e32832e6921d302246ae1655b0a3187e9d"
  name = "github.com/aws/aws-sdk-go"
  packages = [
    "aws",
    "aws/awserr",
    "aws/awsutil",
    "aws/client",
    "aws/client/metadata",
    "aws/corehandlers",
    "aws/credentials",
    "aws/credentials/ec2rolecreds",
    "aws/credentials/endpointcreds",
    "aws/credentials/stscreds",
    "aws/csm",
    "aws/defaults",
    "aws/ec2metadata",
    "aws/endpoints",
    "aws/request",
    "aws/session",
    "aws/signer/v4",
    "internal/s3err",
    "internal/sdkio",
    "internal/sdkrand",
    "internal/sdkuri",
    "internal/shareddefaults",
    "private/protocol",
    "private/protocol/ec2query",
    "private/protocol/eventstream",
    "private/protocol/eventstream/eventstreamapi",
    "private/protocol/json/jsonutil",
    "private/protocol/jsonrpc",
    "private/protocol/query",
    "private/protocol/query/queryutil",
    "private/protocol/rest",
    "private/protocol/restxml",
    "private/protocol/xml/xmlutil",
    "service/acm",
    "service/autoscaling",
    "service/cloudwatchlogs",
    "service/ec2",
    "service/iam",
    "service/kms",
    "service/rds",
    "service/s3",
    "service/s3/s3iface",
    "service/s3/s3manager",
    "service/sns",
    "service/sqs",
    "service/sts",
  ]
  pruneopts = ""
  revision = "59124d90523f4c0491f997f9a36aef265fe3502c"
  version = "v1.15.49"

[[projects]]
  digest = "1:b529f4bf748979caa18b599d40d13e8b6e591a74b340f315ce4f95e119c288c2"
  name = "github.com/boombuler/barcode"
  packages = [
    ".",
    "qr",
    "utils",
  ]
  pruneopts = ""
  revision = "3cfea5ab600ae37946be2b763b8ec2c1cf2d272d"
  version = "v1.0.0"

[[projects]]
  digest = "1:a6f43a35242db0a1387907e6fd0c7e1dccfbed95c7176f166d31d0b5a96c65fc"
  name = "github.com/go-ini/ini"
  packages = ["."]
  pruneopts = ""
  revision = "7b294651033cd7d9e7f0d9ffa1b75ed1e198e737"
  version = "v1.38.3"

[[projects]]
  digest = "1:c07de423ca37dc2765396d6971599ab652a339538084b9b58c9f7fc533b28525"
  name = "github.com/go-sql-driver/mysql"
  packages = ["."]
  pruneopts = ""
  revision = "d523deb1b23d913de5bdada721a6071e71283618"
  version = "v1.4.0"

[[projects]]
  digest = "1:c1d7e883c50a26ea34019320d8ae40fad86c9e5d56e63a1ba2cb618cef43e986"
  name = "github.com/google/uuid"
  packages = ["."]
  pruneopts = ""
  revision = "064e2069ce9c359c118179501254f67d7d37ba24"
  version = "0.2"

[[projects]]
  digest = "1:cb6e85bd6cba68e71c50ead12ceab099e76251e7f38186e7ea0d1f4bd2814812"
  name = "github.com/gruntwork-io/terratest"
  packages = [
    "modules/aws",
    "modules/collections",
    "modules/customerrors",
    "modules/files",
    "modules/logger",
    "modules/packer",
    "modules/random",
    "modules/retry",
    "modules/shell",
    "modules/ssh",
    "modules/terraform",
    "modules/test-structure",
  ]
  pruneopts = ""
  revision = "703b3cfe18f1385f214144c388364808efb1c94d"
  version = "v0.12.1"

[[projects]]
  digest = "1:6f49eae0c1e5dab1dafafee34b207aeb7a42303105960944828c2079b92fc88e"
  name = "github.com/jmespath/go-jmespath"
  packages = ["."]
  pruneopts = ""
  revision = "0b12d6b5"

[[projects]]
  digest = "1:4aea8409c0c3472587636033ab1fa10a2cec1d716449c55d06de4ad96dec0ec1"
  name = "github.com/pquerna/otp"
  packages = [
    ".",
    "hotp",
    "totp",
  ]
  pruneopts = ""
  revision = "b7b89250c468c06871d3837bee02e2d5c155ae19"
  version = "v1.0.0"

[[projects]]
  branch = "master"
  digest = "1:6914c49eed986dfb8dffb33516fa129c49929d4d873f41e073c83c11c372b870"
  name = "golang.org/x/crypto"
  packages = [
    "curve25519",
    "ed25519",
    "ed25519/internal/edwards25519",
    "internal/chacha20",
    "internal/subtle",
    "poly1305",
    "ssh",
    "ssh/agent",
  ]
  pruneopts = ""
  revision = "e3636079e1a4c1f337f212cc5cd2aca108f6c900"

[[projects]]
  branch = "master"
  digest = "1:3a3c1b660248c0ec25f00cfb9c6526bd5b0ede4c8bfa2ed56a3f5e7e9d0a19cd"
  name = "golang.org/x/net"
  packages = ["context"]
  pruneopts = ""
  revision = "146acd28ed5894421fb5aac80ca93bc1b1f46f87"

[[projects]]
  digest = "1:8c432632a230496c35a15cfdf441436f04c90e724ad99c8463ef0c82bbe93edb"
  name = "google.golang.org/appengine"
  packages = ["cloudsql"]
  pruneopts = ""
  revision = "ae0ab99deb4dc413a2b4bd6c8bdd0eb67f1e4d06"
  version = "v1.2.0"

[solve-meta]
  analyzer-name = "dep"
  analyzer-version = 1
  input-imports = [
    "github.com/gruntwork-io/terratest/modules/aws",
    "github.com/gruntwork-io/terratest/modules/random",
    "github.com/gruntwork-io/terratest/modules/retry",
    "github.com/gruntwork-io/terratest/modules/ssh",
    "github.com/gruntwork-io/terratest/modules/terraform",
    "github.com/gruntwork-io/terratest/modules/test-structure",
  ]
  solver-name = "gps-cdcl"
  solver-version = 1
